
Microsoft Visual Studio Solution File, Format Version 12.00
# Visual Studio Version 16
VisualStudioVersion = 16.0.31910.168
MinimumVisualStudioVersion = 10.0.40219.1
Project("{9A19103F-16F7-4668-BE54-9A1E7A4F7556}") = "Etedali_DetectImage", "Etedali_DetectImage\Etedali_DetectImage.csproj", "{A6AF97C0-25A8-4210-B21B-E63091D29582}"
EndProject
Project("{9A19103F-16F7-4668-BE54-9A1E7A4F7556}") = "Etedali_ThumbnailImage", "Etedali_ThumbnailImage\Etedali_ThumbnailImage.csproj", "{1604C73D-A845-46F9-9113-2C8FDDC93CC1}"
EndProject
Project("{9A19103F-16F7-4668-BE54-9A1E7A4F7556}") = "Etedali_StepFunction", "Etedali_StepFunction\Etedali_StepFunction.csproj", "{36F3157E-CA9B-4BD8-9C9F-2FEAF0241412}"
EndProject
Global
	GlobalSection(SolutionConfigurationPlatforms) = preSolution
		Debug|Any CPU = Debug|Any CPU
		Release|Any CPU = Release|Any CPU
	EndGlobalSection
	GlobalSection(ProjectConfigurationPlatforms) = postSolution
		{A6AF97C0-25A8-4210-B21B-E63091D29582}.Debug|Any CPU.ActiveCfg = Debug|Any CPU
		{A6AF97C0-25A8-4210-B21B-E63091D29582}.Debug|Any CPU.Build.0 = Debug|Any CPU
		{A6AF97C0-25A8-4210-B21B-E63091D29582}.Release|Any CPU.ActiveCfg = Release|Any CPU
		{A6AF97C0-25A8-4210-B21B-E63091D29582}.Release|Any CPU.Build.0 = Release|Any CPU
		{1604C73D-A845-46F9-9113-2C8FDDC93CC1}.Debug|Any CPU.ActiveCfg = Debug|Any CPU
		{1604C73D-A845-46F9-9113-2C8FDDC93CC1}.Debug|Any CPU.Build.0 = Debug|Any CPU
		{1604C73D-A845-46F9-9113-2C8FDDC93CC1}.Release|Any CPU.ActiveCfg = Release|Any CPU
		{1604C73D-A845-46F9-9113-2C8FDDC93CC1}.Release|Any CPU.Build.0 = Release|Any CPU
		{36F3157E-CA9B-4BD8-9C9F-2FEAF0241412}.Debug|Any CPU.ActiveCfg = Debug|Any CPU
		{36F3157E-CA9B-4BD8-9C9F-2FEAF0241412}.Debug|Any CPU.Build.0 = Debug|Any CPU
		{36F3157E-CA9B-4BD8-9C9F-2FEAF0241412}.Release|Any CPU.ActiveCfg = Release|Any CPU
		{36F3157E-CA9B-4BD8-9C9F-2FEAF0241412}.Release|Any CPU.Build.0 = Release|Any CPU
	EndGlobalSection
	GlobalSection(SolutionProperties) = preSolution
		HideSolutionNode = FALSE
	EndGlobalSection
	GlobalSection(ExtensibilityGlobals) = postSolution
		SolutionGuid = {7DA4CB5D-3D96-4E6A-A992-BA244ADBC799}
	EndGlobalSection
EndGlobal
